
Microsoft Visual Studio Solution File, Format Version 12.00
# Visual Studio Version 17
VisualStudioVersion = 17.8.34330.188
MinimumVisualStudioVersion = 10.0.40219.1
Project("{FAE04EC0-301F-11D3-BF4B-00C04F79EFBC}") = "WebAppPartialView", "WebAppPartialView\WebAppPartialView.csproj", "{776E199F-4779-4857-9276-80A242508DEF}"
EndProject
Global
	GlobalSection(SolutionConfigurationPlatforms) = preSolution
		Debug|Any CPU = Debug|Any CPU
		Release|Any CPU = Release|Any CPU
	EndGlobalSection
	GlobalSection(ProjectConfigurationPlatforms) = postSolution
		{776E199F-4779-4857-9276-80A242508DEF}.Debug|Any CPU.ActiveCfg = Debug|Any CPU
		{776E199F-4779-4857-9276-80A242508DEF}.Debug|Any CPU.Build.0 = Debug|Any CPU
		{776E199F-4779-4857-9276-80A242508DEF}.Release|Any CPU.ActiveCfg = Release|Any CPU
		{776E199F-4779-4857-9276-80A242508DEF}.Release|Any CPU.Build.0 = Release|Any CPU
	EndGlobalSection
	GlobalSection(SolutionProperties) = preSolution
		HideSolutionNode = FALSE
	EndGlobalSection
	GlobalSection(ExtensibilityGlobals) = postSolution
		SolutionGuid = {DCD335BC-3C75-487D-AF8E-8C31643E8091}
	EndGlobalSection
EndGlobal
